{
  "name": "bnet",
  "version": "1.0.0",
  "lockfileVersion": 1,
  "requires": true,
  "dependencies": {
    "apireq": {
      "version": "git+https://github.com/Dashron/apireq.git#c7877820c687c887126aab7adad4c8aa171d5f45",
      "from": "git+https://github.com/Dashron/apireq.git",
      "requires": {
        "content-type": "^1.0.4"
      }
    },
    "content-type": {
      "version": "1.0.4",
      "resolved": "https://registry.npmjs.org/content-type/-/content-type-1.0.4.tgz",
      "integrity": "sha512-hIP3EEPs8tB9AT1L+NUqtwOAps4mk2Zob89MWXMHjHWg9milF/j4osnnQLXBCBFBk/tvIG/tUc9mOUJiPBhPXA=="
    }
  }
}
